
Microsoft Visual Studio Solution File, Format Version 12.00
# Visual Studio 15
VisualStudioVersion = 15.0.28010.2046
MinimumVisualStudioVersion = 10.0.40219.1
Project("{8BC9CEB8-8B4A-11D0-8D11-00A0C91BC942}") = "Task_1", "ProjectForLesson\ProjectForLesson.vcxproj", "{35D133F6-5940-487D-96F0-27A1B69ACE75}"
EndProject
Project("{FAE04EC0-301F-11D3-BF4B-00C04F79EFBC}") = "Task1", "Task1\Task1.csproj", "{2A8CF940-F831-42EA-AE4F-2A31F6C6D7D9}"
EndProject
Project("{FAE04EC0-301F-11D3-BF4B-00C04F79EFBC}") = "Task2", "Task2\Task2.csproj", "{52A0D820-38D6-4C08-9EC0-279046F909A8}"
EndProject
Project("{8BC9CEB8-8B4A-11D0-8D11-00A0C91BC942}") = "Task_2", "Task_2\Task_2.vcxproj", "{6FCF2DCA-BE21-4608-B5B6-11C6560960CD}"
EndProject
Project("{FAE04EC0-301F-11D3-BF4B-00C04F79EFBC}") = "Task3", "Task3\Task3.csproj", "{FC1A6E53-B27C-476C-BEAD-9ED394C31072}"
EndProject
Project("{FAE04EC0-301F-11D3-BF4B-00C04F79EFBC}") = "Task4", "Task4\Task4.csproj", "{77C45CF8-9307-45CD-9414-BE09FA1DF8B3}"
EndProject
Project("{FAE04EC0-301F-11D3-BF4B-00C04F79EFBC}") = "Task5", "Task5\Task5.csproj", "{C2CB60C6-799C-45A3-86E9-0B01BCE09AE0}"
EndProject
Project("{FAE04EC0-301F-11D3-BF4B-00C04F79EFBC}") = "Task6", "Task6\Task6.csproj", "{40C130A7-0387-4F0E-BF30-DF38F3D2CBED}"
EndProject
Project("{FAE04EC0-301F-11D3-BF4B-00C04F79EFBC}") = "Task7", "Task7\Task7.csproj", "{DA03C5EE-AD1B-4E1A-B36B-DC828B69F01B}"
EndProject
Global
	GlobalSection(SolutionConfigurationPlatforms) = preSolution
		Debug|Any CPU = Debug|Any CPU
		Debug|x64 = Debug|x64
		Debug|x86 = Debug|x86
		Release|Any CPU = Release|Any CPU
		Release|x64 = Release|x64
		Release|x86 = Release|x86
	EndGlobalSection
	GlobalSection(ProjectConfigurationPlatforms) = postSolution
		{35D133F6-5940-487D-96F0-27A1B69ACE75}.Debug|Any CPU.ActiveCfg = Debug|Win32
		{35D133F6-5940-487D-96F0-27A1B69ACE75}.Debug|x64.ActiveCfg = Debug|x64
		{35D133F6-5940-487D-96F0-27A1B69ACE75}.Debug|x64.Build.0 = Debug|x64
		{35D133F6-5940-487D-96F0-27A1B69ACE75}.Debug|x86.ActiveCfg = Debug|Win32
		{35D133F6-5940-487D-96F0-27A1B69ACE75}.Debug|x86.Build.0 = Debug|Win32
		{35D133F6-5940-487D-96F0-27A1B69ACE75}.Release|Any CPU.ActiveCfg = Release|Win32
		{35D133F6-5940-487D-96F0-27A1B69ACE75}.Release|x64.ActiveCfg = Release|x64
		{35D133F6-5940-487D-96F0-27A1B69ACE75}.Release|x64.Build.0 = Release|x64
		{35D133F6-5940-487D-96F0-27A1B69ACE75}.Release|x86.ActiveCfg = Release|Win32
		{35D133F6-5940-487D-96F0-27A1B69ACE75}.Release|x86.Build.0 = Release|Win32
		{2A8CF940-F831-42EA-AE4F-2A31F6C6D7D9}.Debug|Any CPU.ActiveCfg = Debug|Any CPU
		{2A8CF940-F831-42EA-AE4F-2A31F6C6D7D9}.Debug|Any CPU.Build.0 = Debug|Any CPU
		{2A8CF940-F831-42EA-AE4F-2A31F6C6D7D9}.Debug|x64.ActiveCfg = Debug|Any CPU
		{2A8CF940-F831-42EA-AE4F-2A31F6C6D7D9}.Debug|x64.Build.0 = Debug|Any CPU
		{2A8CF940-F831-42EA-AE4F-2A31F6C6D7D9}.Debug|x86.ActiveCfg = Debug|Any CPU
		{2A8CF940-F831-42EA-AE4F-2A31F6C6D7D9}.Debug|x86.Build.0 = Debug|Any CPU
		{2A8CF940-F831-42EA-AE4F-2A31F6C6D7D9}.Release|Any CPU.ActiveCfg = Release|Any CPU
		{2A8CF940-F831-42EA-AE4F-2A31F6C6D7D9}.Release|Any CPU.Build.0 = Release|Any CPU
		{2A8CF940-F831-42EA-AE4F-2A31F6C6D7D9}.Release|x64.ActiveCfg = Release|Any CPU
		{2A8CF940-F831-42EA-AE4F-2A31F6C6D7D9}.Release|x64.Build.0 = Release|Any CPU
		{2A8CF940-F831-42EA-AE4F-2A31F6C6D7D9}.Release|x86.ActiveCfg = Release|Any CPU
		{2A8CF940-F831-42EA-AE4F-2A31F6C6D7D9}.Release|x86.Build.0 = Release|Any CPU
		{52A0D820-38D6-4C08-9EC0-279046F909A8}.Debug|Any CPU.ActiveCfg = Debug|Any CPU
		{52A0D820-38D6-4C08-9EC0-279046F909A8}.Debug|Any CPU.Build.0 = Debug|Any CPU
		{52A0D820-38D6-4C08-9EC0-279046F909A8}.Debug|x64.ActiveCfg = Debug|Any CPU
		{52A0D820-38D6-4C08-9EC0-279046F909A8}.Debug|x64.Build.0 = Debug|Any CPU
		{52A0D820-38D6-4C08-9EC0-279046F909A8}.Debug|x86.ActiveCfg = Debug|Any CPU
		{52A0D820-38D6-4C08-9EC0-279046F909A8}.Debug|x86.Build.0 = Debug|Any CPU
		{52A0D820-38D6-4C08-9EC0-279046F909A8}.Release|Any CPU.ActiveCfg = Release|Any CPU
		{52A0D820-38D6-4C08-9EC0-279046F909A8}.Release|Any CPU.Build.0 = Release|Any CPU
		{52A0D820-38D6-4C08-9EC0-279046F909A8}.Release|x64.ActiveCfg = Release|Any CPU
		{52A0D820-38D6-4C08-9EC0-279046F909A8}.Release|x64.Build.0 = Release|Any CPU
		{52A0D820-38D6-4C08-9EC0-279046F909A8}.Release|x86.ActiveCfg = Release|Any CPU
		{52A0D820-38D6-4C08-9EC0-279046F909A8}.Release|x86.Build.0 = Release|Any CPU
		{6FCF2DCA-BE21-4608-B5B6-11C6560960CD}.Debug|Any CPU.ActiveCfg = Debug|Win32
		{6FCF2DCA-BE21-4608-B5B6-11C6560960CD}.Debug|x64.ActiveCfg = Debug|x64
		{6FCF2DCA-BE21-4608-B5B6-11C6560960CD}.Debug|x64.Build.0 = Debug|x64
		{6FCF2DCA-BE21-4608-B5B6-11C6560960CD}.Debug|x86.ActiveCfg = Debug|Win32
		{6FCF2DCA-BE21-4608-B5B6-11C6560960CD}.Debug|x86.Build.0 = Debug|Win32
		{6FCF2DCA-BE21-4608-B5B6-11C6560960CD}.Release|Any CPU.ActiveCfg = Release|Win32
		{6FCF2DCA-BE21-4608-B5B6-11C6560960CD}.Release|x64.ActiveCfg = Release|x64
		{6FCF2DCA-BE21-4608-B5B6-11C6560960CD}.Release|x64.Build.0 = Release|x64
		{6FCF2DCA-BE21-4608-B5B6-11C6560960CD}.Release|x86.ActiveCfg = Release|Win32
		{6FCF2DCA-BE21-4608-B5B6-11C6560960CD}.Release|x86.Build.0 = Release|Win32
		{FC1A6E53-B27C-476C-BEAD-9ED394C31072}.Debug|Any CPU.ActiveCfg = Debug|Any CPU
		{FC1A6E53-B27C-476C-BEAD-9ED394C31072}.Debug|Any CPU.Build.0 = Debug|Any CPU
		{FC1A6E53-B27C-476C-BEAD-9ED394C31072}.Debug|x64.ActiveCfg = Debug|Any CPU
		{FC1A6E53-B27C-476C-BEAD-9ED394C31072}.Debug|x64.Build.0 = Debug|Any CPU
		{FC1A6E53-B27C-476C-BEAD-9ED394C31072}.Debug|x86.ActiveCfg = Debug|Any CPU
		{FC1A6E53-B27C-476C-BEAD-9ED394C31072}.Debug|x86.Build.0 = Debug|Any CPU
		{FC1A6E53-B27C-476C-BEAD-9ED394C31072}.Release|Any CPU.ActiveCfg = Release|Any CPU
		{FC1A6E53-B27C-476C-BEAD-9ED394C31072}.Release|Any CPU.Build.0 = Release|Any CPU
		{FC1A6E53-B27C-476C-BEAD-9ED394C31072}.Release|x64.ActiveCfg = Release|Any CPU
		{FC1A6E53-B27C-476C-BEAD-9ED394C31072}.Release|x64.Build.0 = Release|Any CPU
		{FC1A6E53-B27C-476C-BEAD-9ED394C31072}.Release|x86.ActiveCfg = Release|Any CPU
		{FC1A6E53-B27C-476C-BEAD-9ED394C31072}.Release|x86.Build.0 = Release|Any CPU
		{77C45CF8-9307-45CD-9414-BE09FA1DF8B3}.Debug|Any CPU.ActiveCfg = Debug|Any CPU
		{77C45CF8-9307-45CD-9414-BE09FA1DF8B3}.Debug|Any CPU.Build.0 = Debug|Any CPU
		{77C45CF8-9307-45CD-9414-BE09FA1DF8B3}.Debug|x64.ActiveCfg = Debug|Any CPU
		{77C45CF8-9307-45CD-9414-BE09FA1DF8B3}.Debug|x64.Build.0 = Debug|Any CPU
		{77C45CF8-9307-45CD-9414-BE09FA1DF8B3}.Debug|x86.ActiveCfg = Debug|Any CPU
		{77C45CF8-9307-45CD-9414-BE09FA1DF8B3}.Debug|x86.Build.0 = Debug|Any CPU
		{77C45CF8-9307-45CD-9414-BE09FA1DF8B3}.Release|Any CPU.ActiveCfg = Release|Any CPU
		{77C45CF8-9307-45CD-9414-BE09FA1DF8B3}.Release|Any CPU.Build.0 = Release|Any CPU
		{77C45CF8-9307-45CD-9414-BE09FA1DF8B3}.Release|x64.ActiveCfg = Release|Any CPU
		{77C45CF8-9307-45CD-9414-BE09FA1DF8B3}.Release|x64.Build.0 = Release|Any CPU
		{77C45CF8-9307-45CD-9414-BE09FA1DF8B3}.Release|x86.ActiveCfg = Release|Any CPU
		{77C45CF8-9307-45CD-9414-BE09FA1DF8B3}.Release|x86.Build.0 = Release|Any CPU
		{C2CB60C6-799C-45A3-86E9-0B01BCE09AE0}.Debug|Any CPU.ActiveCfg = Debug|Any CPU
		{C2CB60C6-799C-45A3-86E9-0B01BCE09AE0}.Debug|Any CPU.Build.0 = Debug|Any CPU
		{C2CB60C6-799C-45A3-86E9-0B01BCE09AE0}.Debug|x64.ActiveCfg = Debug|Any CPU
		{C2CB60C6-799C-45A3-86E9-0B01BCE09AE0}.Debug|x64.Build.0 = Debug|Any CPU
		{C2CB60C6-799C-45A3-86E9-0B01BCE09AE0}.Debug|x86.ActiveCfg = Debug|Any CPU
		{C2CB60C6-799C-45A3-86E9-0B01BCE09AE0}.Debug|x86.Build.0 = Debug|Any CPU
		{C2CB60C6-799C-45A3-86E9-0B01BCE09AE0}.Release|Any CPU.ActiveCfg = Release|Any CPU
		{C2CB60C6-799C-45A3-86E9-0B01BCE09AE0}.Release|Any CPU.Build.0 = Release|Any CPU
		{C2CB60C6-799C-45A3-86E9-0B01BCE09AE0}.Release|x64.ActiveCfg = Release|Any CPU
		{C2CB60C6-799C-45A3-86E9-0B01BCE09AE0}.Release|x64.Build.0 = Release|Any CPU
		{C2CB60C6-799C-45A3-86E9-0B01BCE09AE0}.Release|x86.ActiveCfg = Release|Any CPU
		{C2CB60C6-799C-45A3-86E9-0B01BCE09AE0}.Release|x86.Build.0 = Release|Any CPU
		{40C130A7-0387-4F0E-BF30-DF38F3D2CBED}.Debug|Any CPU.ActiveCfg = Debug|Any CPU
		{40C130A7-0387-4F0E-BF30-DF38F3D2CBED}.Debug|Any CPU.Build.0 = Debug|Any CPU
		{40C130A7-0387-4F0E-BF30-DF38F3D2CBED}.Debug|x64.ActiveCfg = Debug|Any CPU
		{40C130A7-0387-4F0E-BF30-DF38F3D2CBED}.Debug|x64.Build.0 = Debug|Any CPU
		{40C130A7-0387-4F0E-BF30-DF38F3D2CBED}.Debug|x86.ActiveCfg = Debug|Any CPU
		{40C130A7-0387-4F0E-BF30-DF38F3D2CBED}.Debug|x86.Build.0 = Debug|Any CPU
		{40C130A7-0387-4F0E-BF30-DF38F3D2CBED}.Release|Any CPU.ActiveCfg = Release|Any CPU
		{40C130A7-0387-4F0E-BF30-DF38F3D2CBED}.Release|Any CPU.Build.0 = Release|Any CPU
		{40C130A7-0387-4F0E-BF30-DF38F3D2CBED}.Release|x64.ActiveCfg = Release|Any CPU
		{40C130A7-0387-4F0E-BF30-DF38F3D2CBED}.Release|x64.Build.0 = Release|Any CPU
		{40C130A7-0387-4F0E-BF30-DF38F3D2CBED}.Release|x86.ActiveCfg = Release|Any CPU
		{40C130A7-0387-4F0E-BF30-DF38F3D2CBED}.Release|x86.Build.0 = Release|Any CPU
		{DA03C5EE-AD1B-4E1A-B36B-DC828B69F01B}.Debug|Any CPU.ActiveCfg = Debug|Any CPU
		{DA03C5EE-AD1B-4E1A-B36B-DC828B69F01B}.Debug|Any CPU.Build.0 = Debug|Any CPU
		{DA03C5EE-AD1B-4E1A-B36B-DC828B69F01B}.Debug|x64.ActiveCfg = Debug|Any CPU
		{DA03C5EE-AD1B-4E1A-B36B-DC828B69F01B}.Debug|x64.Build.0 = Debug|Any CPU
		{DA03C5EE-AD1B-4E1A-B36B-DC828B69F01B}.Debug|x86.ActiveCfg = Debug|Any CPU
		{DA03C5EE-AD1B-4E1A-B36B-DC828B69F01B}.Debug|x86.Build.0 = Debug|Any CPU
		{DA03C5EE-AD1B-4E1A-B36B-DC828B69F01B}.Release|Any CPU.ActiveCfg = Release|Any CPU
		{DA03C5EE-AD1B-4E1A-B36B-DC828B69F01B}.Release|Any CPU.Build.0 = Release|Any CPU
		{DA03C5EE-AD1B-4E1A-B36B-DC828B69F01B}.Release|x64.ActiveCfg = Release|Any CPU
		{DA03C5EE-AD1B-4E1A-B36B-DC828B69F01B}.Release|x64.Build.0 = Release|Any CPU
		{DA03C5EE-AD1B-4E1A-B36B-DC828B69F01B}.Release|x86.ActiveCfg = Release|Any CPU
		{DA03C5EE-AD1B-4E1A-B36B-DC828B69F01B}.Release|x86.Build.0 = Release|Any CPU
	EndGlobalSection
	GlobalSection(SolutionProperties) = preSolution
		HideSolutionNode = FALSE
	EndGlobalSection
	GlobalSection(ExtensibilityGlobals) = postSolution
		SolutionGuid = {11D56BBD-5835-4334-B8D5-969AD33F3AB5}
	EndGlobalSection
EndGlobal
